{
  "nodes": {
    "L3MON4D3/LuaSnip": {
      "flake": false,
      "locked": {
        "lastModified": 1703710161,
        "narHash": "sha256-9QsPFAPzKbE36llPK0AdfQLUiDOWvyeD8YM65V+da2k=",
        "owner": "L3MON4D3",
        "repo": "LuaSnip",
        "rev": "2463d687fe704b76eb0aa3bb34e95f69a5bb0362",
        "type": "github"
      },
      "original": {
        "owner": "L3MON4D3",
        "repo": "LuaSnip",
        "type": "github"
      }
    },
    "MunifTanjim/nui.nvim": {
      "flake": false,
      "locked": {
        "lastModified": 1703741685,
        "narHash": "sha256-vzkn2qnT2WZMoZ+mExIGmfjTmFWZsISdZAIcXYJ/DBw=",
        "owner": "MunifTanjim",
        "repo": "nui.nvim",
        "rev": "80445d015d2b5f9af0d9e8bce63d303bc86eda8a",
        "type": "github"
      },
      "original": {
        "owner": "MunifTanjim",
        "repo": "nui.nvim",
        "type": "github"
      }
    },
    "akinsho/bufferline.nvim": {
      "flake": false,
      "locked": {
        "lastModified": 1702475933,
        "narHash": "sha256-xguFDEZVEVbIjdd0XnvRBjgB20Ym2ci1F+zw5jcVThk=",
        "owner": "akinsho",
        "repo": "bufferline.nvim",
        "rev": "e48ce1805697e4bb97bc171c081e849a65859244",
        "type": "github"
      },
      "original": {
        "owner": "akinsho",
        "repo": "bufferline.nvim",
        "type": "github"
      }
    },
    "firefox-addons": {
      "inputs": {
        "flake-utils": "flake-utils",
        "nixpkgs": [
          "nixpkgs"
        ]
      },
      "locked": {
        "dir": "pkgs/firefox-addons",
        "lastModified": 1703837353,
        "narHash": "sha256-Zjm7OBf3j8RE0XOZv3fl/lx2NokO8nHVaw8OGVIIckE=",
        "owner": "rycee",
        "repo": "nur-expressions",
        "rev": "562f210ae8fd096ccc9d946bbfcc848cf6034689",
        "type": "gitlab"
      },
      "original": {
        "dir": "pkgs/firefox-addons",
        "owner": "rycee",
        "repo": "nur-expressions",
        "type": "gitlab"
      }
    },
    "firefox-cascade": {
      "flake": false,
      "locked": {
        "lastModified": 1702991248,
        "narHash": "sha256-xOihSEXn73tNSv1GhJJzBHXg+8azLvR3H/Iu+vM0y3w=",
        "owner": "andreasgrafen",
        "repo": "cascade",
        "rev": "e5d9d9b81eb9ea16e27e72087ca6a39cf17594bd",
        "type": "github"
      },
      "original": {
        "owner": "andreasgrafen",
        "ref": "main",
        "repo": "cascade",
        "type": "github"
      }
    },
    "flake-utils": {
      "locked": {
        "lastModified": 1629284811,
        "narHash": "sha256-JHgasjPR0/J1J3DRm4KxM4zTyAj4IOJY8vIl75v/kPI=",
        "owner": "numtide",
        "repo": "flake-utils",
        "rev": "c5d161cc0af116a2e17f54316f0bf43f0819785c",
        "type": "github"
      },
      "original": {
        "owner": "numtide",
        "repo": "flake-utils",
        "type": "github"
      }
    },
    "folke/lazy.nvim": {
      "flake": false,
      "locked": {
        "lastModified": 1699092727,
        "narHash": "sha256-adBcg8iSSO5eRLuZJnmU6m7IiRJXjoMDzN6yH2JrQIc=",
        "owner": "folke",
        "repo": "lazy.nvim",
        "rev": "96584866b9c5e998cbae300594d0ccfd0c464627",
        "type": "github"
      },
      "original": {
        "owner": "folke",
        "repo": "lazy.nvim",
        "type": "github"
      }
    },
    "freddiehaddad/feline.nvim": {
      "flake": false,
      "locked": {
        "lastModified": 1703708629,
        "narHash": "sha256-HovbNBnUP1UcLXrFf4AHrZPTONi/eFUlp5wAVsWeZRQ=",
        "owner": "freddiehaddad",
        "repo": "feline.nvim",
        "rev": "0f6c531ac928bcff4cccc08b7fff3b5b2657359f",
        "type": "github"
      },
      "original": {
        "owner": "freddiehaddad",
        "repo": "feline.nvim",
        "type": "github"
      }
    },
    "frosty-vim": {
      "inputs": {
        "L3MON4D3/LuaSnip": "L3MON4D3/LuaSnip",
        "MunifTanjim/nui.nvim": "MunifTanjim/nui.nvim",
        "akinsho/bufferline.nvim": "akinsho/bufferline.nvim",
        "folke/lazy.nvim": "folke/lazy.nvim",
        "freddiehaddad/feline.nvim": "freddiehaddad/feline.nvim",
        "hrsh7th/cmp-buffer": "hrsh7th/cmp-buffer",
        "hrsh7th/cmp-cmdline": "hrsh7th/cmp-cmdline",
        "hrsh7th/cmp-nvim-lsp": "hrsh7th/cmp-nvim-lsp",
        "hrsh7th/cmp-path": "hrsh7th/cmp-path",
        "hrsh7th/nvim-cmp": "hrsh7th/nvim-cmp",
        "lewis6991/gitsigns.nvim": "lewis6991/gitsigns.nvim",
        "lukas-reineke/indent-blankline.nvim": "lukas-reineke/indent-blankline.nvim",
        "navarasu/onedark.nvim": "navarasu/onedark.nvim",
        "neovim/nvim-lspconfig": "neovim/nvim-lspconfig",
        "nixpkgs": [
          "nixpkgs"
        ],
        "nvim-lua/plenary.nvim": "nvim-lua/plenary.nvim",
        "nvim-neo-tree/neo-tree.nvim": "nvim-neo-tree/neo-tree.nvim",
        "nvim-telescope/telescope.nvim": "nvim-telescope/telescope.nvim",
        "nvim-tree/nvim-web-devicons": "nvim-tree/nvim-web-devicons",
        "rafamadriz/friendly-snippets": "rafamadriz/friendly-snippets",
        "saadparwaiz1/cmp_luasnip": "saadparwaiz1/cmp_luasnip",
        "windwp/nvim-autopairs": "windwp/nvim-autopairs"
      },
      "locked": {
        "lastModified": 1703966296,
        "narHash": "sha256-h+3wkvx2+dGzG8fGI3RfBmxnPrNyzybOm0R6RD9ZjXs=",
        "owner": "SystematicError",
        "repo": "frosty-vim",
        "rev": "2d5e1a62ed6dcc364ef8776b43ca3beb2519b81d",
        "type": "github"
      },
      "original": {
        "owner": "SystematicError",
        "repo": "frosty-vim",
        "type": "github"
      }
    },
    "home-manager": {
      "inputs": {
        "nixpkgs": [
          "nixpkgs"
        ]
      },
      "locked": {
        "lastModified": 1703838268,
        "narHash": "sha256-SRg5nXcdPnrsQR2MTAp7en0NyJnQ2wB1ivmsgEbvN+o=",
        "owner": "nix-community",
        "repo": "home-manager",
        "rev": "2aff324cf65f5f98f89d878c056b779466b17db8",
        "type": "github"
      },
      "original": {
        "owner": "nix-community",
        "repo": "home-manager",
        "type": "github"
      }
    },
    "hrsh7th/cmp-buffer": {
      "flake": false,
      "locked": {
        "lastModified": 1660101488,
        "narHash": "sha256-dG4U7MtnXThoa/PD+qFtCt76MQ14V1wX8GMYcvxEnbM=",
        "owner": "hrsh7th",
        "repo": "cmp-buffer",
        "rev": "3022dbc9166796b644a841a02de8dd1cc1d311fa",
        "type": "github"
      },
      "original": {
        "owner": "hrsh7th",
        "repo": "cmp-buffer",
        "type": "github"
      }
    },
    "hrsh7th/cmp-cmdline": {
      "flake": false,
      "locked": {
        "lastModified": 1686243464,
        "narHash": "sha256-W8v/XhPjbvKSwCrfOAPihO2N9PEVnH5Cp/Fa25lNRw4=",
        "owner": "hrsh7th",
        "repo": "cmp-cmdline",
        "rev": "8ee981b4a91f536f52add291594e89fb6645e451",
        "type": "github"
      },
      "original": {
        "owner": "hrsh7th",
        "repo": "cmp-cmdline",
        "type": "github"
      }
    },
    "hrsh7th/cmp-nvim-lsp": {
      "flake": false,
      "locked": {
        "lastModified": 1702205473,
        "narHash": "sha256-/0sh9vJBD9pUuD7q3tNSQ1YLvxFMNykdg5eG+LjZAA8=",
        "owner": "hrsh7th",
        "repo": "cmp-nvim-lsp",
        "rev": "5af77f54de1b16c34b23cba810150689a3a90312",
        "type": "github"
      },
      "original": {
        "owner": "hrsh7th",
        "repo": "cmp-nvim-lsp",
        "type": "github"
      }
    },
    "hrsh7th/cmp-path": {
      "flake": false,
      "locked": {
        "lastModified": 1664784283,
        "narHash": "sha256-thppiiV3wjIaZnAXmsh7j3DUc6ceSCvGzviwFUnoPaI=",
        "owner": "hrsh7th",
        "repo": "cmp-path",
        "rev": "91ff86cd9c29299a64f968ebb45846c485725f23",
        "type": "github"
      },
      "original": {
        "owner": "hrsh7th",
        "repo": "cmp-path",
        "type": "github"
      }
    },
    "hrsh7th/nvim-cmp": {
      "flake": false,
      "locked": {
        "lastModified": 1702541213,
        "narHash": "sha256-BtAYRYn6m788zAq/mNnbAzAxp1TGf9QkRE0hSOp9sdc=",
        "owner": "hrsh7th",
        "repo": "nvim-cmp",
        "rev": "538e37ba87284942c1d76ed38dd497e54e65b891",
        "type": "github"
      },
      "original": {
        "owner": "hrsh7th",
        "repo": "nvim-cmp",
        "type": "github"
      }
    },
    "lewis6991/gitsigns.nvim": {
      "flake": false,
      "locked": {
        "lastModified": 1702378585,
        "narHash": "sha256-lzL+1OOS0bpMeB9SCkc147/OdweI206r0yPFBmhsN1g=",
        "owner": "lewis6991",
        "repo": "gitsigns.nvim",
        "rev": "d195f0c35ced5174d3ecce1c4c8ebb3b5bc23fa9",
        "type": "github"
      },
      "original": {
        "owner": "lewis6991",
        "repo": "gitsigns.nvim",
        "type": "github"
      }
    },
    "lukas-reineke/indent-blankline.nvim": {
      "flake": false,
      "locked": {
        "lastModified": 1703637772,
        "narHash": "sha256-O6uD7dqlMbDt2exxlCdr5rirGJqsw8oL7Iwx12RrpGk=",
        "owner": "lukas-reineke",
        "repo": "indent-blankline.nvim",
        "rev": "5da5546947f3125dfd6aa85ab21074dc83f776d5",
        "type": "github"
      },
      "original": {
        "owner": "lukas-reineke",
        "repo": "indent-blankline.nvim",
        "type": "github"
      }
    },
    "navarasu/onedark.nvim": {
      "flake": false,
      "locked": {
        "lastModified": 1701844102,
        "narHash": "sha256-UtC8OJw62xYkAyTcwIEbg0tBWttaXeGhFw7Ux8Yu5/0=",
        "owner": "navarasu",
        "repo": "onedark.nvim",
        "rev": "c5476a091b0f1b4e853db91c91ff941f848a1cdd",
        "type": "github"
      },
      "original": {
        "owner": "navarasu",
        "repo": "onedark.nvim",
        "type": "github"
      }
    },
    "neovim/nvim-lspconfig": {
      "flake": false,
      "locked": {
        "lastModified": 1703214333,
        "narHash": "sha256-wTQJAwNKlWWPLPu5qhS6TlHSBJBbYTkmHP/7aP9BLnE=",
        "owner": "neovim",
        "repo": "nvim-lspconfig",
        "rev": "9099871a7c7e1c16122e00d70208a2cd02078d80",
        "type": "github"
      },
      "original": {
        "owner": "neovim",
        "repo": "nvim-lspconfig",
        "type": "github"
      }
    },
    "nixpkgs": {
      "locked": {
        "lastModified": 1703637592,
        "narHash": "sha256-8MXjxU0RfFfzl57Zy3OfXCITS0qWDNLzlBAdwxGZwfY=",
        "owner": "NixOS",
        "repo": "nixpkgs",
        "rev": "cfc3698c31b1fb9cdcf10f36c9643460264d0ca8",
        "type": "github"
      },
      "original": {
        "owner": "NixOS",
        "ref": "nixos-unstable",
        "repo": "nixpkgs",
        "type": "github"
      }
    },
    "nvim-lua/plenary.nvim": {
      "flake": false,
      "locked": {
        "lastModified": 1701343040,
        "narHash": "sha256-f8YVaXMG0ZyW6iotAgnftaYULnL69UPolRad6RTG27g=",
        "owner": "nvim-lua",
        "repo": "plenary.nvim",
        "rev": "55d9fe89e33efd26f532ef20223e5f9430c8b0c0",
        "type": "github"
      },
      "original": {
        "owner": "nvim-lua",
        "repo": "plenary.nvim",
        "type": "github"
      }
    },
    "nvim-neo-tree/neo-tree.nvim": {
      "flake": false,
      "locked": {
        "lastModified": 1703814652,
        "narHash": "sha256-lMTLSEERNT9mW5mgjvfQZ+T3VO4N1Jr436OnWce0uQs=",
        "owner": "nvim-neo-tree",
        "repo": "neo-tree.nvim",
        "rev": "953313ecf0a92a8e9f2a4afc603731f1fcb331b4",
        "type": "github"
      },
      "original": {
        "owner": "nvim-neo-tree",
        "repo": "neo-tree.nvim",
        "type": "github"
      }
    },
    "nvim-telescope/telescope.nvim": {
      "flake": false,
      "locked": {
        "lastModified": 1703812721,
        "narHash": "sha256-l6YIrnMzuLw0Xtd3Vm2hi5AVIO+k3PQZjpKOmGnvZOE=",
        "owner": "nvim-telescope",
        "repo": "telescope.nvim",
        "rev": "3466159b0fcc1876483f6f53587562628664d850",
        "type": "github"
      },
      "original": {
        "owner": "nvim-telescope",
        "repo": "telescope.nvim",
        "type": "github"
      }
    },
    "nvim-tree/nvim-web-devicons": {
      "flake": false,
      "locked": {
        "lastModified": 1703387926,
        "narHash": "sha256-FonYAQphOWxF+X3W1z5OS2MwX4bldcow/43HSMfcouM=",
        "owner": "nvim-tree",
        "repo": "nvim-web-devicons",
        "rev": "43aa2ddf476012a2155f5f969ee55ab17174da7a",
        "type": "github"
      },
      "original": {
        "owner": "nvim-tree",
        "repo": "nvim-web-devicons",
        "type": "github"
      }
    },
    "rafamadriz/friendly-snippets": {
      "flake": false,
      "locked": {
        "lastModified": 1701065358,
        "narHash": "sha256-6a1JMW+iZjqopnzFhC7vMamnW2iWhMHqi1Xs45d+7x8=",
        "owner": "rafamadriz",
        "repo": "friendly-snippets",
        "rev": "53d3df271d031c405255e99410628c26a8f0d2b0",
        "type": "github"
      },
      "original": {
        "owner": "rafamadriz",
        "repo": "friendly-snippets",
        "type": "github"
      }
    },
    "root": {
      "inputs": {
        "firefox-addons": "firefox-addons",
        "firefox-cascade": "firefox-cascade",
        "frosty-vim": "frosty-vim",
        "home-manager": "home-manager",
        "nixpkgs": "nixpkgs"
      }
    },
    "saadparwaiz1/cmp_luasnip": {
      "flake": false,
      "locked": {
        "lastModified": 1696878902,
        "narHash": "sha256-nUJJl2zyK/oSwz5RzI9j3gf9zpDfCImCYbPbVsyXgz8=",
        "owner": "saadparwaiz1",
        "repo": "cmp_luasnip",
        "rev": "05a9ab28b53f71d1aece421ef32fee2cb857a843",
        "type": "github"
      },
      "original": {
        "owner": "saadparwaiz1",
        "repo": "cmp_luasnip",
        "type": "github"
      }
    },
    "windwp/nvim-autopairs": {
      "flake": false,
      "locked": {
        "lastModified": 1703044435,
        "narHash": "sha256-H4wCE3snCBQVkiA4+r5VaUrd4bWOhF1lwafngGThm/c=",
        "owner": "windwp",
        "repo": "nvim-autopairs",
        "rev": "9fd41181693dd4106b3e414a822bb6569924de81",
        "type": "github"
      },
      "original": {
        "owner": "windwp",
        "repo": "nvim-autopairs",
        "type": "github"
      }
    }
  },
  "root": "root",
  "version": 7
}
