{
  "nodes": {
    "3rd/image.nvim": {
      "flake": false,
      "locked": {
        "lastModified": 1717572995,
        "narHash": "sha256-j2geboCXqld2t+zFvVjUajBCFyFCAg7P4XO+yRxPOqM=",
        "owner": "3rd",
        "repo": "image.nvim",
        "rev": "a2a0849e0b3dbed90f9283603cedb683bda5d4d1",
        "type": "github"
      },
      "original": {
        "owner": "3rd",
        "repo": "image.nvim",
        "type": "github"
      }
    },
    "Bekaboo/dropbar.nvim": {
      "flake": false,
      "locked": {
        "lastModified": 1718423638,
        "narHash": "sha256-B5kzoOYycKxX4/Q95pi5Pl+UXXAFYT/o6wAqhyemIk0=",
        "owner": "Bekaboo",
        "repo": "dropbar.nvim",
        "rev": "79847a78ec0c58f5e5c0360192b03d0cee803e95",
        "type": "github"
      },
      "original": {
        "owner": "Bekaboo",
        "repo": "dropbar.nvim",
        "type": "github"
      }
    },
    "L3MON4D3/LuaSnip": {
      "flake": false,
      "locked": {
        "lastModified": 1717753191,
        "narHash": "sha256-QgK/tI4KU+ZrVl7NFCP8lX7LWjes1pKvt2Eti/UZna8=",
        "owner": "L3MON4D3",
        "repo": "LuaSnip",
        "rev": "50fcf17db7c75af80e6b6109acfbfb4504768780",
        "type": "github"
      },
      "original": {
        "owner": "L3MON4D3",
        "repo": "LuaSnip",
        "type": "github"
      }
    },
    "MunifTanjim/nui.nvim": {
      "flake": false,
      "locked": {
        "lastModified": 1717558941,
        "narHash": "sha256-tZNe1EA7sMnXCL4KtDlIhPaKry8uSubMW/4aof79L9A=",
        "owner": "MunifTanjim",
        "repo": "nui.nvim",
        "rev": "322978c734866996274467de084a95e4f9b5e0b1",
        "type": "github"
      },
      "original": {
        "owner": "MunifTanjim",
        "repo": "nui.nvim",
        "type": "github"
      }
    },
    "NMAC427/guess-indent.nvim": {
      "flake": false,
      "locked": {
        "lastModified": 1680539465,
        "narHash": "sha256-fqQfyUaQBcVZ7bcFeWbLyse9spw97Dqt/B4JGPnaYcQ=",
        "owner": "NMAC427",
        "repo": "guess-indent.nvim",
        "rev": "b8ae749fce17aa4c267eec80a6984130b94f80b2",
        "type": "github"
      },
      "original": {
        "owner": "NMAC427",
        "repo": "guess-indent.nvim",
        "type": "github"
      }
    },
    "NeogitOrg/neogit": {
      "flake": false,
      "locked": {
        "lastModified": 1718283261,
        "narHash": "sha256-HeA8qG33NVLc+X7WUaIRP+kIubpWYxXNXM6a9MJM2tc=",
        "owner": "NeogitOrg",
        "repo": "neogit",
        "rev": "71eb98630b5cb2277636fdccc74a7358e910c01b",
        "type": "github"
      },
      "original": {
        "owner": "NeogitOrg",
        "repo": "neogit",
        "type": "github"
      }
    },
    "NvChad/nvim-colorizer.lua": {
      "flake": false,
      "locked": {
        "lastModified": 1703321305,
        "narHash": "sha256-oKvFN2K+ASlPNwj2rhptR/ErYgo6XKBPhXSZotDdCP0=",
        "owner": "NvChad",
        "repo": "nvim-colorizer.lua",
        "rev": "85855b38011114929f4058efc97af1059ab3e41d",
        "type": "github"
      },
      "original": {
        "owner": "NvChad",
        "repo": "nvim-colorizer.lua",
        "type": "github"
      }
    },
    "akinsho/bufferline.nvim": {
      "flake": false,
      "locked": {
        "lastModified": 1716555412,
        "narHash": "sha256-8PCkY1zrlMrPGnQOb7MjqDXNlkeX46jrT4ScIL+MOwM=",
        "owner": "akinsho",
        "repo": "bufferline.nvim",
        "rev": "99337f63f0a3c3ab9519f3d1da7618ca4f91cffe",
        "type": "github"
      },
      "original": {
        "owner": "akinsho",
        "repo": "bufferline.nvim",
        "type": "github"
      }
    },
    "andrewferrier/debugprint.nvim": {
      "flake": false,
      "locked": {
        "lastModified": 1718352496,
        "narHash": "sha256-fU9FuIetm0tyFbj1c3Ef/NvDG7GYdVuEtLsEvSqnXl0=",
        "owner": "andrewferrier",
        "repo": "debugprint.nvim",
        "rev": "bc691e879a3c1c7b92f62e830d58ec3f40331fbd",
        "type": "github"
      },
      "original": {
        "owner": "andrewferrier",
        "repo": "debugprint.nvim",
        "type": "github"
      }
    },
    "catppuccin/nvim": {
      "flake": false,
      "locked": {
        "lastModified": 1718334439,
        "narHash": "sha256-CTRwvZpaBH4EKVmt0d6fxM5SkwK6RlAomlmgkc/GjJU=",
        "owner": "catppuccin",
        "repo": "nvim",
        "rev": "c0bea773a09e49e123136b099bce9ddc1bf395d2",
        "type": "github"
      },
      "original": {
        "owner": "catppuccin",
        "repo": "nvim",
        "type": "github"
      }
    },
    "direnv/direnv.vim": {
      "flake": false,
      "locked": {
        "lastModified": 1701514458,
        "narHash": "sha256-Lwwm95UEkS8Q0Qsoh10o3sFn48wf7v7eCX/FJJV1HMI=",
        "owner": "direnv",
        "repo": "direnv.vim",
        "rev": "ab2a7e08dd630060cd81d7946739ac7442a4f269",
        "type": "github"
      },
      "original": {
        "owner": "direnv",
        "repo": "direnv.vim",
        "type": "github"
      }
    },
    "firefox-addons": {
      "inputs": {
        "flake-utils": "flake-utils",
        "nixpkgs": [
          "nixpkgs"
        ]
      },
      "locked": {
        "dir": "pkgs/firefox-addons",
        "lastModified": 1730693000,
        "narHash": "sha256-baSXoP6mctfc29ZzMS8AFJfJPnE6Vm4qZ0kjC/G3qs8=",
        "owner": "rycee",
        "repo": "nur-expressions",
        "rev": "9c9f6b64926d03dba28f3088887699cc7f5da1f5",
        "type": "gitlab"
      },
      "original": {
        "dir": "pkgs/firefox-addons",
        "owner": "rycee",
        "repo": "nur-expressions",
        "type": "gitlab"
      }
    },
    "flake-compat": {
      "locked": {
        "lastModified": 1696426674,
        "narHash": "sha256-kvjfFW7WAETZlt09AgDn1MrtKzP7t90Vf7vypd3OL1U=",
        "rev": "0f9255e01c2351cc7d116c072cb317785dd33b33",
        "revCount": 57,
        "type": "tarball",
        "url": "https://api.flakehub.com/f/pinned/edolstra/flake-compat/1.0.1/018afb31-abd1-7bff-a5e4-cff7e18efb7a/source.tar.gz"
      },
      "original": {
        "type": "tarball",
        "url": "https://flakehub.com/f/edolstra/flake-compat/1.tar.gz"
      }
    },
    "flake-compat_2": {
      "flake": false,
      "locked": {
        "lastModified": 1696426674,
        "narHash": "sha256-kvjfFW7WAETZlt09AgDn1MrtKzP7t90Vf7vypd3OL1U=",
        "owner": "edolstra",
        "repo": "flake-compat",
        "rev": "0f9255e01c2351cc7d116c072cb317785dd33b33",
        "type": "github"
      },
      "original": {
        "owner": "edolstra",
        "repo": "flake-compat",
        "type": "github"
      }
    },
    "flake-utils": {
      "locked": {
        "lastModified": 1629284811,
        "narHash": "sha256-JHgasjPR0/J1J3DRm4KxM4zTyAj4IOJY8vIl75v/kPI=",
        "owner": "numtide",
        "repo": "flake-utils",
        "rev": "c5d161cc0af116a2e17f54316f0bf43f0819785c",
        "type": "github"
      },
      "original": {
        "owner": "numtide",
        "repo": "flake-utils",
        "type": "github"
      }
    },
    "flake-utils_2": {
      "inputs": {
        "systems": "systems"
      },
      "locked": {
        "lastModified": 1710146030,
        "narHash": "sha256-SZ5L6eA7HJ/nmkzGG7/ISclqe6oZdOZTNoesiInkXPQ=",
        "owner": "numtide",
        "repo": "flake-utils",
        "rev": "b1d9ab70662946ef0850d488da1c9019f3a9752a",
        "type": "github"
      },
      "original": {
        "owner": "numtide",
        "repo": "flake-utils",
        "type": "github"
      }
    },
    "folke/lazy.nvim": {
      "flake": false,
      "locked": {
        "lastModified": 1718438085,
        "narHash": "sha256-tKMm4Sb6xtWw5f5SHNpDJCKwY+5PADuJntRgoiv3w2Q=",
        "owner": "folke",
        "repo": "lazy.nvim",
        "rev": "4c6479e98ad643cd584e9e7c4095c463e0d810eb",
        "type": "github"
      },
      "original": {
        "owner": "folke",
        "repo": "lazy.nvim",
        "type": "github"
      }
    },
    "folke/which-key.nvim": {
      "flake": false,
      "locked": {
        "lastModified": 1717769072,
        "narHash": "sha256-xfz51JQsEqaPRSzFw6DxM8yKFznOk9o9ETlZkErSzNg=",
        "owner": "folke",
        "repo": "which-key.nvim",
        "rev": "0099511294f16b81c696004fa6a403b0ae61f7a0",
        "type": "github"
      },
      "original": {
        "owner": "folke",
        "repo": "which-key.nvim",
        "type": "github"
      }
    },
    "freddiehaddad/feline.nvim": {
      "flake": false,
      "locked": {
        "lastModified": 1716596918,
        "narHash": "sha256-3xz4S8P2wMduXuWrllxkZC/XgjD48hJtn+eluxz7n3c=",
        "owner": "freddiehaddad",
        "repo": "feline.nvim",
        "rev": "8bc28b94a16304aad2f53b8c3653b14803748c28",
        "type": "github"
      },
      "original": {
        "owner": "freddiehaddad",
        "repo": "feline.nvim",
        "type": "github"
      }
    },
    "frosty-vim": {
      "inputs": {
        "3rd/image.nvim": "3rd/image.nvim",
        "Bekaboo/dropbar.nvim": "Bekaboo/dropbar.nvim",
        "L3MON4D3/LuaSnip": "L3MON4D3/LuaSnip",
        "MunifTanjim/nui.nvim": "MunifTanjim/nui.nvim",
        "NMAC427/guess-indent.nvim": "NMAC427/guess-indent.nvim",
        "NeogitOrg/neogit": "NeogitOrg/neogit",
        "NvChad/nvim-colorizer.lua": "NvChad/nvim-colorizer.lua",
        "akinsho/bufferline.nvim": "akinsho/bufferline.nvim",
        "andrewferrier/debugprint.nvim": "andrewferrier/debugprint.nvim",
        "catppuccin/nvim": "catppuccin/nvim",
        "direnv/direnv.vim": "direnv/direnv.vim",
        "flake-utils": "flake-utils_2",
        "folke/lazy.nvim": "folke/lazy.nvim",
        "folke/which-key.nvim": "folke/which-key.nvim",
        "freddiehaddad/feline.nvim": "freddiehaddad/feline.nvim",
        "hrsh7th/cmp-buffer": "hrsh7th/cmp-buffer",
        "hrsh7th/cmp-cmdline": "hrsh7th/cmp-cmdline",
        "hrsh7th/cmp-nvim-lsp": "hrsh7th/cmp-nvim-lsp",
        "hrsh7th/cmp-path": "hrsh7th/cmp-path",
        "hrsh7th/nvim-cmp": "hrsh7th/nvim-cmp",
        "kylechui/nvim-surround": "kylechui/nvim-surround",
        "lewis6991/gitsigns.nvim": "lewis6991/gitsigns.nvim",
        "lukas-reineke/indent-blankline.nvim": "lukas-reineke/indent-blankline.nvim",
        "neovim/nvim-lspconfig": "neovim/nvim-lspconfig",
        "nixpkgs": [
          "nixpkgs"
        ],
        "nvim-lua/plenary.nvim": "nvim-lua/plenary.nvim",
        "nvim-neo-tree/neo-tree.nvim": "nvim-neo-tree/neo-tree.nvim",
        "nvim-telescope/telescope-ui-select.nvim": "nvim-telescope/telescope-ui-select.nvim",
        "nvim-telescope/telescope.nvim": "nvim-telescope/telescope.nvim",
        "nvim-tree/nvim-web-devicons": "nvim-tree/nvim-web-devicons",
        "nvim-treesitter/nvim-treesitter": "nvim-treesitter/nvim-treesitter",
        "nvimdev/dashboard-nvim": "nvimdev/dashboard-nvim",
        "rafamadriz/friendly-snippets": "rafamadriz/friendly-snippets",
        "rcarriga/nvim-notify": "rcarriga/nvim-notify",
        "saadparwaiz1/cmp_luasnip": "saadparwaiz1/cmp_luasnip",
        "sindrets/diffview.nvim": "sindrets/diffview.nvim",
        "stevearc/aerial.nvim": "stevearc/aerial.nvim",
        "stevearc/conform.nvim": "stevearc/conform.nvim",
        "tiagovla/scope.nvim": "tiagovla/scope.nvim",
        "windwp/nvim-autopairs": "windwp/nvim-autopairs"
      },
      "locked": {
        "lastModified": 1718455424,
        "narHash": "sha256-cjpm1Y88ojVhUMM5mRW19mf0lX1ozEbromB84xfoMmY=",
        "owner": "SystematicError",
        "repo": "frosty-vim",
        "rev": "ff7bf6c72a3521eedb80c1b6089f3d5ff46f1919",
        "type": "github"
      },
      "original": {
        "owner": "SystematicError",
        "repo": "frosty-vim",
        "type": "github"
      }
    },
    "home-manager": {
      "inputs": {
        "nixpkgs": [
          "nixpkgs"
        ]
      },
      "locked": {
        "lastModified": 1730633670,
        "narHash": "sha256-ZFJqIXpvVKvzOVFKWNRDyIyAo+GYdmEPaYi1bZB6uf0=",
        "owner": "nix-community",
        "repo": "home-manager",
        "rev": "8f6ca7855d409aeebe2a582c6fd6b6a8d0bf5661",
        "type": "github"
      },
      "original": {
        "owner": "nix-community",
        "repo": "home-manager",
        "type": "github"
      }
    },
    "hrsh7th/cmp-buffer": {
      "flake": false,
      "locked": {
        "lastModified": 1660101488,
        "narHash": "sha256-dG4U7MtnXThoa/PD+qFtCt76MQ14V1wX8GMYcvxEnbM=",
        "owner": "hrsh7th",
        "repo": "cmp-buffer",
        "rev": "3022dbc9166796b644a841a02de8dd1cc1d311fa",
        "type": "github"
      },
      "original": {
        "owner": "hrsh7th",
        "repo": "cmp-buffer",
        "type": "github"
      }
    },
    "hrsh7th/cmp-cmdline": {
      "flake": false,
      "locked": {
        "lastModified": 1711081050,
        "narHash": "sha256-iBmXp+gUSMbgfkv7c7RDQAwPq02e07wEnBETP0dWBOo=",
        "owner": "hrsh7th",
        "repo": "cmp-cmdline",
        "rev": "d250c63aa13ead745e3a40f61fdd3470efde3923",
        "type": "github"
      },
      "original": {
        "owner": "hrsh7th",
        "repo": "cmp-cmdline",
        "type": "github"
      }
    },
    "hrsh7th/cmp-nvim-lsp": {
      "flake": false,
      "locked": {
        "lastModified": 1715931395,
        "narHash": "sha256-CT1+Z4XJBVsl/RqvJeGmyitD6x7So0ylXvvef5jh7I8=",
        "owner": "hrsh7th",
        "repo": "cmp-nvim-lsp",
        "rev": "39e2eda76828d88b773cc27a3f61d2ad782c922d",
        "type": "github"
      },
      "original": {
        "owner": "hrsh7th",
        "repo": "cmp-nvim-lsp",
        "type": "github"
      }
    },
    "hrsh7th/cmp-path": {
      "flake": false,
      "locked": {
        "lastModified": 1664784283,
        "narHash": "sha256-thppiiV3wjIaZnAXmsh7j3DUc6ceSCvGzviwFUnoPaI=",
        "owner": "hrsh7th",
        "repo": "cmp-path",
        "rev": "91ff86cd9c29299a64f968ebb45846c485725f23",
        "type": "github"
      },
      "original": {
        "owner": "hrsh7th",
        "repo": "cmp-path",
        "type": "github"
      }
    },
    "hrsh7th/nvim-cmp": {
      "flake": false,
      "locked": {
        "lastModified": 1717829983,
        "narHash": "sha256-7tEfEjWH5pneI10jLYpenoysRQPa2zPGLTNcbMX3x2I=",
        "owner": "hrsh7th",
        "repo": "nvim-cmp",
        "rev": "a110e12d0b58eefcf5b771f533fc2cf3050680ac",
        "type": "github"
      },
      "original": {
        "owner": "hrsh7th",
        "repo": "nvim-cmp",
        "type": "github"
      }
    },
    "kylechui/nvim-surround": {
      "flake": false,
      "locked": {
        "lastModified": 1717975201,
        "narHash": "sha256-u6+rN+XlN1Ku9el27feu99BTX3Bwotxk66gAnXvLTfw=",
        "owner": "kylechui",
        "repo": "nvim-surround",
        "rev": "b36bf49d097a09781ad6ac0cfea28b40b74570a3",
        "type": "github"
      },
      "original": {
        "owner": "kylechui",
        "repo": "nvim-surround",
        "type": "github"
      }
    },
    "lewis6991/gitsigns.nvim": {
      "flake": false,
      "locked": {
        "lastModified": 1718287407,
        "narHash": "sha256-1EgkwEgfs3/e+nVs+gADj0xurOcG/zeLGiXZuFDetSw=",
        "owner": "lewis6991",
        "repo": "gitsigns.nvim",
        "rev": "47c8e3e571376b24de62408fd0c9d12f0a9fc0a3",
        "type": "github"
      },
      "original": {
        "owner": "lewis6991",
        "repo": "gitsigns.nvim",
        "type": "github"
      }
    },
    "lukas-reineke/indent-blankline.nvim": {
      "flake": false,
      "locked": {
        "lastModified": 1716449809,
        "narHash": "sha256-K5y0UQAXc0N6+1kqncX2eClpvZb7jlg7GhSerHQVZX0=",
        "owner": "lukas-reineke",
        "repo": "indent-blankline.nvim",
        "rev": "d98f537c3492e87b6dc6c2e3f66ac517528f406f",
        "type": "github"
      },
      "original": {
        "owner": "lukas-reineke",
        "repo": "indent-blankline.nvim",
        "type": "github"
      }
    },
    "neovim/nvim-lspconfig": {
      "flake": false,
      "locked": {
        "lastModified": 1718421772,
        "narHash": "sha256-BNU8ihRktpGhSyp2ZYiG5h7uZ+uIf4EdPS/iIuo/NdM=",
        "owner": "neovim",
        "repo": "nvim-lspconfig",
        "rev": "bd7c76375a511994c9ca8d69441f134dc10ae3bd",
        "type": "github"
      },
      "original": {
        "owner": "neovim",
        "repo": "nvim-lspconfig",
        "type": "github"
      }
    },
    "nixcord": {
      "inputs": {
        "flake-compat": "flake-compat",
        "nixpkgs": [
          "nixpkgs"
        ]
      },
      "locked": {
        "lastModified": 1730107956,
        "narHash": "sha256-Ohwk5/RGhGjDXaD4v0Yc40J/79gHRcD92mKWY+6qHJU=",
        "owner": "KaylorBen",
        "repo": "nixcord",
        "rev": "5dcb476b924ad08ffd8521cca812052605cb5974",
        "type": "github"
      },
      "original": {
        "owner": "KaylorBen",
        "repo": "nixcord",
        "type": "github"
      }
    },
    "nixpkgs": {
      "locked": {
        "lastModified": 1730531603,
        "narHash": "sha256-Dqg6si5CqIzm87sp57j5nTaeBbWhHFaVyG7V6L8k3lY=",
        "owner": "NixOS",
        "repo": "nixpkgs",
        "rev": "7ffd9ae656aec493492b44d0ddfb28e79a1ea25d",
        "type": "github"
      },
      "original": {
        "owner": "NixOS",
        "ref": "nixos-unstable",
        "repo": "nixpkgs",
        "type": "github"
      }
    },
    "nvim-lua/plenary.nvim": {
      "flake": false,
      "locked": {
        "lastModified": 1716230027,
        "narHash": "sha256-5Jf2mWFVDofXBcXLbMa417mqlEPWLA+cQIZH/vNEV1g=",
        "owner": "nvim-lua",
        "repo": "plenary.nvim",
        "rev": "a3e3bc82a3f95c5ed0d7201546d5d2c19b20d683",
        "type": "github"
      },
      "original": {
        "owner": "nvim-lua",
        "repo": "plenary.nvim",
        "type": "github"
      }
    },
    "nvim-neo-tree/neo-tree.nvim": {
      "flake": false,
      "locked": {
        "lastModified": 1718074188,
        "narHash": "sha256-eNGuQEjAKsPuRDGaw95kCVOmP64ZDnUuFBppqtcrhZ4=",
        "owner": "nvim-neo-tree",
        "repo": "neo-tree.nvim",
        "rev": "206241e451c12f78969ff5ae53af45616ffc9b72",
        "type": "github"
      },
      "original": {
        "owner": "nvim-neo-tree",
        "repo": "neo-tree.nvim",
        "type": "github"
      }
    },
    "nvim-telescope/telescope-ui-select.nvim": {
      "flake": false,
      "locked": {
        "lastModified": 1701723223,
        "narHash": "sha256-YRhNmmG4gx9Ht8JwjQfbTjJyTHEuZmtP6lqnhOsk8bE=",
        "owner": "nvim-telescope",
        "repo": "telescope-ui-select.nvim",
        "rev": "6e51d7da30bd139a6950adf2a47fda6df9fa06d2",
        "type": "github"
      },
      "original": {
        "owner": "nvim-telescope",
        "repo": "telescope-ui-select.nvim",
        "type": "github"
      }
    },
    "nvim-telescope/telescope.nvim": {
      "flake": false,
      "locked": {
        "lastModified": 1717942246,
        "narHash": "sha256-wiKpQZJfZ/kkZAid9PiER4RSJLHnTrZfYrfqzjPWKYs=",
        "owner": "nvim-telescope",
        "repo": "telescope.nvim",
        "rev": "f12b15e1b3a33524eb06a1ae7bc852fb1fd92197",
        "type": "github"
      },
      "original": {
        "owner": "nvim-telescope",
        "repo": "telescope.nvim",
        "type": "github"
      }
    },
    "nvim-tree/nvim-web-devicons": {
      "flake": false,
      "locked": {
        "lastModified": 1717894639,
        "narHash": "sha256-j/B/E1VltJ/QpVFtDKAdVC4+KZ5Mz8dQP5kd8HIHjLs=",
        "owner": "nvim-tree",
        "repo": "nvim-web-devicons",
        "rev": "c0cfc1738361b5da1cd0a962dd6f774cc444f856",
        "type": "github"
      },
      "original": {
        "owner": "nvim-tree",
        "repo": "nvim-web-devicons",
        "type": "github"
      }
    },
    "nvim-treesitter/nvim-treesitter": {
      "flake": false,
      "locked": {
        "lastModified": 1718453694,
        "narHash": "sha256-+ZWk6LcskH6qL9WMLtk/veZUn1EEJoHmmQ7y/xCWZyA=",
        "owner": "nvim-treesitter",
        "repo": "nvim-treesitter",
        "rev": "9916da1bfd99d6fb18ac6ef4ca6a79d00fcf6fcc",
        "type": "github"
      },
      "original": {
        "owner": "nvim-treesitter",
        "repo": "nvim-treesitter",
        "type": "github"
      }
    },
    "nvimdev/dashboard-nvim": {
      "flake": false,
      "locked": {
        "lastModified": 1718169380,
        "narHash": "sha256-7KwRhierxt21++mFG6AWUHWlAiAs/+UGa8Jomtqn52A=",
        "owner": "nvimdev",
        "repo": "dashboard-nvim",
        "rev": "b88c997f468a1bacb1e9b13ff3b567638caa06e6",
        "type": "github"
      },
      "original": {
        "owner": "nvimdev",
        "repo": "dashboard-nvim",
        "type": "github"
      }
    },
    "rafamadriz/friendly-snippets": {
      "flake": false,
      "locked": {
        "lastModified": 1717977554,
        "narHash": "sha256-09Kr2DCjObPq9M/8rryQ4tgE4EWR+OW3Qd3mPLqyQbA=",
        "owner": "rafamadriz",
        "repo": "friendly-snippets",
        "rev": "700c4a25caacbb4648c9a27972c2fe203948e0c2",
        "type": "github"
      },
      "original": {
        "owner": "rafamadriz",
        "repo": "friendly-snippets",
        "type": "github"
      }
    },
    "rcarriga/nvim-notify": {
      "flake": false,
      "locked": {
        "lastModified": 1715959703,
        "narHash": "sha256-wxyHwL/uFdp6w32CVHgSOWkzRrIRuFvWh+J2401RAAA=",
        "owner": "rcarriga",
        "repo": "nvim-notify",
        "rev": "d333b6f167900f6d9d42a59005d82919830626bf",
        "type": "github"
      },
      "original": {
        "owner": "rcarriga",
        "repo": "nvim-notify",
        "type": "github"
      }
    },
    "root": {
      "inputs": {
        "firefox-addons": "firefox-addons",
        "frosty-vim": "frosty-vim",
        "home-manager": "home-manager",
        "nixcord": "nixcord",
        "nixpkgs": "nixpkgs",
        "shyfox": "shyfox",
        "spicetify-nix": "spicetify-nix"
      }
    },
    "saadparwaiz1/cmp_luasnip": {
      "flake": false,
      "locked": {
        "lastModified": 1696878902,
        "narHash": "sha256-nUJJl2zyK/oSwz5RzI9j3gf9zpDfCImCYbPbVsyXgz8=",
        "owner": "saadparwaiz1",
        "repo": "cmp_luasnip",
        "rev": "05a9ab28b53f71d1aece421ef32fee2cb857a843",
        "type": "github"
      },
      "original": {
        "owner": "saadparwaiz1",
        "repo": "cmp_luasnip",
        "type": "github"
      }
    },
    "shyfox": {
      "flake": false,
      "locked": {
        "lastModified": 1730549913,
        "narHash": "sha256-9InO33jS+YP+aupQc8OadvGSyXEIBcTbN8kTo91hAbY=",
        "owner": "Naezr",
        "repo": "ShyFox",
        "rev": "6488ff1934c184a7b81770c67f5c3b5e983152e3",
        "type": "github"
      },
      "original": {
        "owner": "Naezr",
        "repo": "ShyFox",
        "type": "github"
      }
    },
    "sindrets/diffview.nvim": {
      "flake": false,
      "locked": {
        "lastModified": 1718279802,
        "narHash": "sha256-SX+ybIzL/w6uyCy4iZKnWnzTFwqB1oXSgyYVAdpdKi8=",
        "owner": "sindrets",
        "repo": "diffview.nvim",
        "rev": "4516612fe98ff56ae0415a259ff6361a89419b0a",
        "type": "github"
      },
      "original": {
        "owner": "sindrets",
        "repo": "diffview.nvim",
        "type": "github"
      }
    },
    "spicetify-nix": {
      "inputs": {
        "flake-compat": "flake-compat_2",
        "nixpkgs": [
          "nixpkgs"
        ]
      },
      "locked": {
        "lastModified": 1730693770,
        "narHash": "sha256-jepwWtXntoBDQGJ/d7Myc9SFsYT6DwTqjAZJFGC2Akc=",
        "owner": "Gerg-L",
        "repo": "spicetify-nix",
        "rev": "2d871e2a5fb8c9d8d04a3bdd8f206aec81df2d6d",
        "type": "github"
      },
      "original": {
        "owner": "Gerg-L",
        "repo": "spicetify-nix",
        "type": "github"
      }
    },
    "stevearc/aerial.nvim": {
      "flake": false,
      "locked": {
        "lastModified": 1717300239,
        "narHash": "sha256-UVfFnRIStePYE3/5V7AEEMw3DVVFDbkdzZl0cBEvV/4=",
        "owner": "stevearc",
        "repo": "aerial.nvim",
        "rev": "75de06f8edbd0006997a19b760045753d4f6693c",
        "type": "github"
      },
      "original": {
        "owner": "stevearc",
        "repo": "aerial.nvim",
        "type": "github"
      }
    },
    "stevearc/conform.nvim": {
      "flake": false,
      "locked": {
        "lastModified": 1718214953,
        "narHash": "sha256-Q9EnatAnfZMB6RI5pw3nAfNamR3fYJfHv0UhylZLPKI=",
        "owner": "stevearc",
        "repo": "conform.nvim",
        "rev": "797d1f622a23d4a21bb58218bdf5999a9beac4ef",
        "type": "github"
      },
      "original": {
        "owner": "stevearc",
        "repo": "conform.nvim",
        "type": "github"
      }
    },
    "systems": {
      "locked": {
        "lastModified": 1681028828,
        "narHash": "sha256-Vy1rq5AaRuLzOxct8nz4T6wlgyUR7zLU309k9mBC768=",
        "owner": "nix-systems",
        "repo": "default",
        "rev": "da67096a3b9bf56a91d16901293e51ba5b49a27e",
        "type": "github"
      },
      "original": {
        "owner": "nix-systems",
        "repo": "default",
        "type": "github"
      }
    },
    "tiagovla/scope.nvim": {
      "flake": false,
      "locked": {
        "lastModified": 1711884167,
        "narHash": "sha256-8Bd1DI6nuUxkTCx0wCfWKHdi6UXQNuDygj5UuSGypLs=",
        "owner": "tiagovla",
        "repo": "scope.nvim",
        "rev": "86a0f5b594b08b2ad65f470ffdee81654942b6ac",
        "type": "github"
      },
      "original": {
        "owner": "tiagovla",
        "repo": "scope.nvim",
        "type": "github"
      }
    },
    "windwp/nvim-autopairs": {
      "flake": false,
      "locked": {
        "lastModified": 1716158088,
        "narHash": "sha256-YEAqjlzVrS/VLrkwGo3L7cNOE1LuyLYlBtkR2HA5oVk=",
        "owner": "windwp",
        "repo": "nvim-autopairs",
        "rev": "c15de7e7981f1111642e7e53799e1211d4606cb9",
        "type": "github"
      },
      "original": {
        "owner": "windwp",
        "repo": "nvim-autopairs",
        "type": "github"
      }
    }
  },
  "root": "root",
  "version": 7
}
