{
  "nodes": {
    "MunifTanjim/nui.nvim": {
      "flake": false,
      "locked": {
        "lastModified": 1733856815,
        "narHash": "sha256-6U7E/i5FuNXQy+sF4C5DVxuTPqNKD5wxUgFohpOjm9Q=",
        "owner": "MunifTanjim",
        "repo": "nui.nvim",
        "rev": "53e907ffe5eedebdca1cd503b00aa8692068ca46",
        "type": "github"
      },
      "original": {
        "owner": "MunifTanjim",
        "repo": "nui.nvim",
        "type": "github"
      }
    },
    "NMAC427/guess-indent.nvim": {
      "flake": false,
      "locked": {
        "lastModified": 1720291003,
        "narHash": "sha256-mzX9LgG2+9aj2lMPlSZh3zP3wphHQdecXe7RHP1baT0=",
        "owner": "NMAC427",
        "repo": "guess-indent.nvim",
        "rev": "6cd61f7a600bb756e558627cd2e740302c58e32d",
        "type": "github"
      },
      "original": {
        "owner": "NMAC427",
        "repo": "guess-indent.nvim",
        "type": "github"
      }
    },
    "NeogitOrg/neogit": {
      "flake": false,
      "locked": {
        "lastModified": 1740470137,
        "narHash": "sha256-b343KyeUxZCehKImwwjg799IUyxn2y2SK/ZfjRLQdj4=",
        "owner": "NeogitOrg",
        "repo": "neogit",
        "rev": "12f78aaabb37b4946254dd5e47cf7b552904937a",
        "type": "github"
      },
      "original": {
        "owner": "NeogitOrg",
        "repo": "neogit",
        "type": "github"
      }
    },
    "NvChad/nvim-colorizer.lua": {
      "flake": false,
      "locked": {
        "lastModified": 1739974712,
        "narHash": "sha256-oQJno6j5Z7PwE6ulfgc0nJi5U90xsZO/ALgBCOI4aTk=",
        "owner": "NvChad",
        "repo": "nvim-colorizer.lua",
        "rev": "943be69156b94fbc96064f4913d653f0c7fb299f",
        "type": "github"
      },
      "original": {
        "owner": "NvChad",
        "repo": "nvim-colorizer.lua",
        "type": "github"
      }
    },
    "OXY2DEV/markview.nvim": {
      "flake": false,
      "locked": {
        "lastModified": 1737771136,
        "narHash": "sha256-YPbdHLIW+MkLqaCh9d9/QZQb+HvwpHWxIzCX2VzxsA4=",
        "owner": "OXY2DEV",
        "repo": "markview.nvim",
        "rev": "c76411a2a5422b29ca935b6c212c27e785da2020",
        "type": "github"
      },
      "original": {
        "owner": "OXY2DEV",
        "ref": "dev",
        "repo": "markview.nvim",
        "type": "github"
      }
    },
    "Saghen/blink.cmp": {
      "flake": false,
      "locked": {
        "lastModified": 1740096608,
        "narHash": "sha256-Ueq+1xkspygXt41YJ7WTlO7watjIOV6hhXWgL1CrKZE=",
        "owner": "Saghen",
        "repo": "blink.cmp",
        "rev": "68942256d71e8d66632eb840b051a9320bc502dc",
        "type": "github"
      },
      "original": {
        "owner": "Saghen",
        "repo": "blink.cmp",
        "type": "github"
      }
    },
    "akinsho/bufferline.nvim": {
      "flake": false,
      "locked": {
        "lastModified": 1736870559,
        "narHash": "sha256-ae4MB6+6v3awvfSUWlau9ASJ147ZpwuX1fvJdfMwo1Q=",
        "owner": "akinsho",
        "repo": "bufferline.nvim",
        "rev": "655133c3b4c3e5e05ec549b9f8cc2894ac6f51b3",
        "type": "github"
      },
      "original": {
        "owner": "akinsho",
        "repo": "bufferline.nvim",
        "type": "github"
      }
    },
    "catppuccin/nvim": {
      "flake": false,
      "locked": {
        "lastModified": 1740072675,
        "narHash": "sha256-c3VWOdfNJ9+OFjMoYB22z+EOt046KBbYCF6Z63BMWIQ=",
        "owner": "catppuccin",
        "repo": "nvim",
        "rev": "4bb938bbba41d306db18bf0eb0633a5f28fd7ba0",
        "type": "github"
      },
      "original": {
        "owner": "catppuccin",
        "repo": "nvim",
        "type": "github"
      }
    },
    "firefox-addons": {
      "inputs": {
        "flake-utils": "flake-utils",
        "nixpkgs": [
          "nixpkgs"
        ]
      },
      "locked": {
        "dir": "pkgs/firefox-addons",
        "lastModified": 1740110615,
        "narHash": "sha256-GJVXn9bgEF8zCPJvpYJvS39MUMyZkX4Ab4I6RoUKECw=",
        "owner": "rycee",
        "repo": "nur-expressions",
        "rev": "ba3db5f76a6f352664d3398bdd11b09562831927",
        "type": "gitlab"
      },
      "original": {
        "dir": "pkgs/firefox-addons",
        "owner": "rycee",
        "repo": "nur-expressions",
        "type": "gitlab"
      }
    },
    "flake-compat": {
      "locked": {
        "lastModified": 1696426674,
        "narHash": "sha256-kvjfFW7WAETZlt09AgDn1MrtKzP7t90Vf7vypd3OL1U=",
        "rev": "0f9255e01c2351cc7d116c072cb317785dd33b33",
        "revCount": 57,
        "type": "tarball",
        "url": "https://api.flakehub.com/f/pinned/edolstra/flake-compat/1.0.1/018afb31-abd1-7bff-a5e4-cff7e18efb7a/source.tar.gz"
      },
      "original": {
        "type": "tarball",
        "url": "https://flakehub.com/f/edolstra/flake-compat/1.tar.gz"
      }
    },
    "flake-utils": {
      "locked": {
        "lastModified": 1629284811,
        "narHash": "sha256-JHgasjPR0/J1J3DRm4KxM4zTyAj4IOJY8vIl75v/kPI=",
        "owner": "numtide",
        "repo": "flake-utils",
        "rev": "c5d161cc0af116a2e17f54316f0bf43f0819785c",
        "type": "github"
      },
      "original": {
        "owner": "numtide",
        "repo": "flake-utils",
        "type": "github"
      }
    },
    "flake-utils_2": {
      "inputs": {
        "systems": "systems"
      },
      "locked": {
        "lastModified": 1731533236,
        "narHash": "sha256-l0KFg5HjrsfsO/JpG+r7fRrqm12kzFHyUHqHCVpMMbI=",
        "owner": "numtide",
        "repo": "flake-utils",
        "rev": "11707dc2f618dd54ca8739b309ec4fc024de578b",
        "type": "github"
      },
      "original": {
        "owner": "numtide",
        "repo": "flake-utils",
        "type": "github"
      }
    },
    "folke/lazy.nvim": {
      "flake": false,
      "locked": {
        "lastModified": 1739657398,
        "narHash": "sha256-mNvQywWFZX1cCYbwCqylCDzkXivno7+/5gDUS0NVy0k=",
        "owner": "folke",
        "repo": "lazy.nvim",
        "rev": "e5e9bf48211a13d9ee6c1077c88327c49c1ab4a0",
        "type": "github"
      },
      "original": {
        "owner": "folke",
        "repo": "lazy.nvim",
        "type": "github"
      }
    },
    "folke/snacks.nvim": {
      "flake": false,
      "locked": {
        "lastModified": 1740121679,
        "narHash": "sha256-CgfbpKRkbx+yTAQ6tbM7+uy0PVzp9rgP47tEeP/UOEo=",
        "owner": "folke",
        "repo": "snacks.nvim",
        "rev": "2261b0eedf2ace48ac68b7eb527e9d7a8ba394bc",
        "type": "github"
      },
      "original": {
        "owner": "folke",
        "repo": "snacks.nvim",
        "type": "github"
      }
    },
    "folke/which-key.nvim": {
      "flake": false,
      "locked": {
        "lastModified": 1740233407,
        "narHash": "sha256-uvMcSduMr7Kd2oUmIOYzvWF4FIl6bZxIYm9FSw/3pCo=",
        "owner": "folke",
        "repo": "which-key.nvim",
        "rev": "370ec46f710e058c9c1646273e6b225acf47cbed",
        "type": "github"
      },
      "original": {
        "owner": "folke",
        "repo": "which-key.nvim",
        "type": "github"
      }
    },
    "frosty-vim": {
      "inputs": {
        "MunifTanjim/nui.nvim": "MunifTanjim/nui.nvim",
        "NMAC427/guess-indent.nvim": "NMAC427/guess-indent.nvim",
        "NeogitOrg/neogit": "NeogitOrg/neogit",
        "NvChad/nvim-colorizer.lua": "NvChad/nvim-colorizer.lua",
        "OXY2DEV/markview.nvim": "OXY2DEV/markview.nvim",
        "Saghen/blink.cmp": "Saghen/blink.cmp",
        "akinsho/bufferline.nvim": "akinsho/bufferline.nvim",
        "catppuccin/nvim": "catppuccin/nvim",
        "flake-utils": "flake-utils_2",
        "folke/lazy.nvim": "folke/lazy.nvim",
        "folke/snacks.nvim": "folke/snacks.nvim",
        "folke/which-key.nvim": "folke/which-key.nvim",
        "lewis6991/gitsigns.nvim": "lewis6991/gitsigns.nvim",
        "lewis6991/satellite.nvim": "lewis6991/satellite.nvim",
        "neovim/nvim-lspconfig": "neovim/nvim-lspconfig",
        "nixpkgs": [
          "nixpkgs"
        ],
        "nvim-lua/plenary.nvim": "nvim-lua/plenary.nvim",
        "nvim-lualine/lualine.nvim": "nvim-lualine/lualine.nvim",
        "nvim-neo-tree/neo-tree.nvim": "nvim-neo-tree/neo-tree.nvim",
        "nvim-tree/nvim-web-devicons": "nvim-tree/nvim-web-devicons",
        "nvim-treesitter/nvim-treesitter": "nvim-treesitter/nvim-treesitter",
        "nvim-treesitter/nvim-treesitter-textobjects": "nvim-treesitter/nvim-treesitter-textobjects",
        "rafamadriz/friendly-snippets": "rafamadriz/friendly-snippets",
        "sindrets/diffview.nvim": "sindrets/diffview.nvim",
        "stevearc/conform.nvim": "stevearc/conform.nvim",
        "tiagovla/scope.nvim": "tiagovla/scope.nvim",
        "windwp/nvim-autopairs": "windwp/nvim-autopairs"
      },
      "locked": {
        "lastModified": 1741549781,
        "narHash": "sha256-lZ/LnDKtiTJM+hrMMWnqm8orleCe06iRMiEauRAFbRs=",
        "owner": "SystematicError",
        "repo": "frosty-vim",
        "rev": "8195bfd9299df4d85fc5468613a458f99e64a4fe",
        "type": "github"
      },
      "original": {
        "owner": "SystematicError",
        "repo": "frosty-vim",
        "type": "github"
      }
    },
    "home-manager": {
      "inputs": {
        "nixpkgs": [
          "nixpkgs"
        ]
      },
      "locked": {
        "lastModified": 1740060750,
        "narHash": "sha256-FOC9OzJ5Ckh6VjzGSRh4F3UCUOdM8NrzQT19PQcQJ44=",
        "owner": "nix-community",
        "repo": "home-manager",
        "rev": "0c0b0ac8af6ca76b1fcb514483a9bd73c18f1e8c",
        "type": "github"
      },
      "original": {
        "owner": "nix-community",
        "repo": "home-manager",
        "type": "github"
      }
    },
    "lewis6991/gitsigns.nvim": {
      "flake": false,
      "locked": {
        "lastModified": 1740070082,
        "narHash": "sha256-PIwKEPNAkTiZAr8tncjFakvOWX1D5TOdSiurVZ5AcbQ=",
        "owner": "lewis6991",
        "repo": "gitsigns.nvim",
        "rev": "4c40357994f386e72be92a46f41fc1664c84c87d",
        "type": "github"
      },
      "original": {
        "owner": "lewis6991",
        "repo": "gitsigns.nvim",
        "type": "github"
      }
    },
    "lewis6991/satellite.nvim": {
      "flake": false,
      "locked": {
        "lastModified": 1740928235,
        "narHash": "sha256-h5JdODw0NKzvE9YZGpVF1fg2mFAyK7vqCMAf7+isxFM=",
        "owner": "lewis6991",
        "repo": "satellite.nvim",
        "rev": "1a259773c4d85e59b6cd74a55c0880874cacdd23",
        "type": "github"
      },
      "original": {
        "owner": "lewis6991",
        "repo": "satellite.nvim",
        "type": "github"
      }
    },
    "neovim/nvim-lspconfig": {
      "flake": false,
      "locked": {
        "lastModified": 1740052964,
        "narHash": "sha256-bZiFqgHLTHaCjAx8L7m98wMmSC1Dk3umYAmHRJu6ymg=",
        "owner": "neovim",
        "repo": "nvim-lspconfig",
        "rev": "7c8cb61b21727a473663054edec4b83633d9e442",
        "type": "github"
      },
      "original": {
        "owner": "neovim",
        "repo": "nvim-lspconfig",
        "type": "github"
      }
    },
    "nixcord": {
      "inputs": {
        "flake-compat": "flake-compat",
        "nixpkgs": [
          "nixpkgs"
        ],
        "systems": "systems_2",
        "treefmt-nix": "treefmt-nix"
      },
      "locked": {
        "lastModified": 1739973692,
        "narHash": "sha256-UMQqmnv/Ah7ukx+IvMZ4FtfCIBfgoXQpWAn/eKhcmnE=",
        "owner": "KaylorBen",
        "repo": "nixcord",
        "rev": "e759e621b5f5464278d1ac0e8a7239f98fa9b6da",
        "type": "github"
      },
      "original": {
        "owner": "KaylorBen",
        "repo": "nixcord",
        "type": "github"
      }
    },
    "nixpkgs": {
      "locked": {
        "lastModified": 1735554305,
        "narHash": "sha256-zExSA1i/b+1NMRhGGLtNfFGXgLtgo+dcuzHzaWA6w3Q=",
        "owner": "nixos",
        "repo": "nixpkgs",
        "rev": "0e82ab234249d8eee3e8c91437802b32c74bb3fd",
        "type": "github"
      },
      "original": {
        "owner": "nixos",
        "ref": "nixpkgs-unstable",
        "repo": "nixpkgs",
        "type": "github"
      }
    },
    "nixpkgs_2": {
      "locked": {
        "lastModified": 1739866667,
        "narHash": "sha256-EO1ygNKZlsAC9avfcwHkKGMsmipUk1Uc0TbrEZpkn64=",
        "owner": "NixOS",
        "repo": "nixpkgs",
        "rev": "73cf49b8ad837ade2de76f87eb53fc85ed5d4680",
        "type": "github"
      },
      "original": {
        "owner": "NixOS",
        "ref": "nixos-unstable",
        "repo": "nixpkgs",
        "type": "github"
      }
    },
    "nvim-lua/plenary.nvim": {
      "flake": false,
      "locked": {
        "lastModified": 1739311008,
        "narHash": "sha256-8FV5RjF7QbDmQOQynpK7uRKONKbPRYbOPugf9ZxNvUs=",
        "owner": "nvim-lua",
        "repo": "plenary.nvim",
        "rev": "857c5ac632080dba10aae49dba902ce3abf91b35",
        "type": "github"
      },
      "original": {
        "owner": "nvim-lua",
        "repo": "plenary.nvim",
        "type": "github"
      }
    },
    "nvim-lualine/lualine.nvim": {
      "flake": false,
      "locked": {
        "lastModified": 1738997087,
        "narHash": "sha256-uAxe3UdNUVfdpQcKvGvQ/E2blGksvMPlTBfEOtgeVYo=",
        "owner": "nvim-lualine",
        "repo": "lualine.nvim",
        "rev": "f4f791f67e70d378a754d02da068231d2352e5bc",
        "type": "github"
      },
      "original": {
        "owner": "nvim-lualine",
        "repo": "lualine.nvim",
        "type": "github"
      }
    },
    "nvim-neo-tree/neo-tree.nvim": {
      "flake": false,
      "locked": {
        "lastModified": 1740052820,
        "narHash": "sha256-IgEW55fwV3prifCng4R3QtWF3HN8pycVNN5U5ZCPI7E=",
        "owner": "nvim-neo-tree",
        "repo": "neo-tree.nvim",
        "rev": "94c8ec36da52af0ea0128012e12abe05c26ef840",
        "type": "github"
      },
      "original": {
        "owner": "nvim-neo-tree",
        "repo": "neo-tree.nvim",
        "type": "github"
      }
    },
    "nvim-tree/nvim-web-devicons": {
      "flake": false,
      "locked": {
        "lastModified": 1739285356,
        "narHash": "sha256-WOFtHvNlPP1JRLdCfFRXEOUx+1z5d5ncm+pS0wpDjAg=",
        "owner": "nvim-tree",
        "repo": "nvim-web-devicons",
        "rev": "1020869742ecb191f260818234517f4a1515cfe8",
        "type": "github"
      },
      "original": {
        "owner": "nvim-tree",
        "repo": "nvim-web-devicons",
        "type": "github"
      }
    },
    "nvim-treesitter/nvim-treesitter": {
      "flake": false,
      "locked": {
        "lastModified": 1740207250,
        "narHash": "sha256-mUE/4NS1WDpmd48dYcTTMqpv6AtlzYMcNjG1DwK5Q7U=",
        "owner": "nvim-treesitter",
        "repo": "nvim-treesitter",
        "rev": "5774e7d3da4f681296a87fcd85d17779ad362a4f",
        "type": "github"
      },
      "original": {
        "owner": "nvim-treesitter",
        "repo": "nvim-treesitter",
        "type": "github"
      }
    },
    "nvim-treesitter/nvim-treesitter-textobjects": {
      "flake": false,
      "locked": {
        "lastModified": 1732260993,
        "narHash": "sha256-b/7Bz7L83KL+uZC1bRJ4PrzPVK/NaCKSx4VCHlPcdCM=",
        "owner": "nvim-treesitter",
        "repo": "nvim-treesitter-textobjects",
        "rev": "ad8f0a472148c3e0ae9851e26a722ee4e29b1595",
        "type": "github"
      },
      "original": {
        "owner": "nvim-treesitter",
        "repo": "nvim-treesitter-textobjects",
        "type": "github"
      }
    },
    "prism-themes": {
      "flake": false,
      "locked": {
        "lastModified": 1736185399,
        "narHash": "sha256-Hmh/kS5AVkaggE6YFSUapgSDKA4sX4Ej7SUTdDqmW2M=",
        "owner": "PrismLauncher",
        "repo": "Themes",
        "rev": "ef4bafc183d270463f412dc4bb1dff3e53b129cc",
        "type": "github"
      },
      "original": {
        "owner": "PrismLauncher",
        "repo": "Themes",
        "type": "github"
      }
    },
    "rafamadriz/friendly-snippets": {
      "flake": false,
      "locked": {
        "lastModified": 1733106470,
        "narHash": "sha256-I8SRZxnoNC6SOWW+scoA77Jwyxcb4eUczppLdyOiZe0=",
        "owner": "rafamadriz",
        "repo": "friendly-snippets",
        "rev": "efff286dd74c22f731cdec26a70b46e5b203c619",
        "type": "github"
      },
      "original": {
        "owner": "rafamadriz",
        "repo": "friendly-snippets",
        "type": "github"
      }
    },
    "root": {
      "inputs": {
        "firefox-addons": "firefox-addons",
        "frosty-vim": "frosty-vim",
        "home-manager": "home-manager",
        "nixcord": "nixcord",
        "nixpkgs": "nixpkgs_2",
        "prism-themes": "prism-themes",
        "spicetify-nix": "spicetify-nix"
      }
    },
    "sindrets/diffview.nvim": {
      "flake": false,
      "locked": {
        "lastModified": 1718279802,
        "narHash": "sha256-SX+ybIzL/w6uyCy4iZKnWnzTFwqB1oXSgyYVAdpdKi8=",
        "owner": "sindrets",
        "repo": "diffview.nvim",
        "rev": "4516612fe98ff56ae0415a259ff6361a89419b0a",
        "type": "github"
      },
      "original": {
        "owner": "sindrets",
        "repo": "diffview.nvim",
        "type": "github"
      }
    },
    "spicetify-nix": {
      "inputs": {
        "nixpkgs": [
          "nixpkgs"
        ],
        "systems": "systems_3"
      },
      "locked": {
        "lastModified": 1739679385,
        "narHash": "sha256-Pu6gN/indwmI5OIKS5Q+Ffr7/yaOfDDWn5av4gshuNM=",
        "owner": "Gerg-L",
        "repo": "spicetify-nix",
        "rev": "8bac1688d527ec3b107353b8ea55b929af5193d4",
        "type": "github"
      },
      "original": {
        "owner": "Gerg-L",
        "repo": "spicetify-nix",
        "type": "github"
      }
    },
    "stevearc/conform.nvim": {
      "flake": false,
      "locked": {
        "lastModified": 1739657764,
        "narHash": "sha256-H9JLiRtixDKDN50SH6gkqgjlhLzHMAaOT1pc69ZFdco=",
        "owner": "stevearc",
        "repo": "conform.nvim",
        "rev": "a6f5bdb78caa305496357d17e962bbc4c0b392e2",
        "type": "github"
      },
      "original": {
        "owner": "stevearc",
        "repo": "conform.nvim",
        "type": "github"
      }
    },
    "systems": {
      "locked": {
        "lastModified": 1681028828,
        "narHash": "sha256-Vy1rq5AaRuLzOxct8nz4T6wlgyUR7zLU309k9mBC768=",
        "owner": "nix-systems",
        "repo": "default",
        "rev": "da67096a3b9bf56a91d16901293e51ba5b49a27e",
        "type": "github"
      },
      "original": {
        "owner": "nix-systems",
        "repo": "default",
        "type": "github"
      }
    },
    "systems_2": {
      "locked": {
        "lastModified": 1681028828,
        "narHash": "sha256-Vy1rq5AaRuLzOxct8nz4T6wlgyUR7zLU309k9mBC768=",
        "owner": "nix-systems",
        "repo": "default",
        "rev": "da67096a3b9bf56a91d16901293e51ba5b49a27e",
        "type": "github"
      },
      "original": {
        "id": "systems",
        "type": "indirect"
      }
    },
    "systems_3": {
      "locked": {
        "lastModified": 1681028828,
        "narHash": "sha256-Vy1rq5AaRuLzOxct8nz4T6wlgyUR7zLU309k9mBC768=",
        "owner": "nix-systems",
        "repo": "default",
        "rev": "da67096a3b9bf56a91d16901293e51ba5b49a27e",
        "type": "github"
      },
      "original": {
        "owner": "nix-systems",
        "repo": "default",
        "type": "github"
      }
    },
    "tiagovla/scope.nvim": {
      "flake": false,
      "locked": {
        "lastModified": 1740045483,
        "narHash": "sha256-kvJgMIltiFz0wb6zP40oQ08Bzr93CXeb02csCVie64Y=",
        "owner": "tiagovla",
        "repo": "scope.nvim",
        "rev": "3fc963e75f88990a9467ff72b8eea667a69c30a2",
        "type": "github"
      },
      "original": {
        "owner": "tiagovla",
        "repo": "scope.nvim",
        "type": "github"
      }
    },
    "treefmt-nix": {
      "inputs": {
        "nixpkgs": "nixpkgs"
      },
      "locked": {
        "lastModified": 1737103437,
        "narHash": "sha256-uPNWcYbhY2fjY3HOfRCR5jsfzdzemhfxLSxwjXYXqNc=",
        "owner": "numtide",
        "repo": "treefmt-nix",
        "rev": "d1ed3b385f8130e392870cfb1dbfaff8a63a1899",
        "type": "github"
      },
      "original": {
        "owner": "numtide",
        "repo": "treefmt-nix",
        "type": "github"
      }
    },
    "windwp/nvim-autopairs": {
      "flake": false,
      "locked": {
        "lastModified": 1739522212,
        "narHash": "sha256-FUnYZWSJh5wAfXevH+nK+g/s4WhnzwxbW6a3gUDQI6o=",
        "owner": "windwp",
        "repo": "nvim-autopairs",
        "rev": "68f0e5c3dab23261a945272032ee6700af86227a",
        "type": "github"
      },
      "original": {
        "owner": "windwp",
        "repo": "nvim-autopairs",
        "type": "github"
      }
    }
  },
  "root": "root",
  "version": 7
}
